
Microsoft Visual Studio Solution File, Format Version 12.00
# Visual Studio 2013
VisualStudioVersion = 12.0.21005.1
MinimumVisualStudioVersion = 10.0.40219.1
Project("{FAE04EC0-301F-11D3-BF4B-00C04F79EFBC}") = "Task.MainForm", "Task.MainForm.csproj", "{7EB206A4-5082-43FC-A070-BA99DEE6D1C2}"
EndProject
Project("{FAE04EC0-301F-11D3-BF4B-00C04F79EFBC}") = "TaskPlugin", "..\Task.Plugin\TaskPlugin.csproj", "{837E557C-DF32-4E3C-877C-FD3E71F10690}"
EndProject
Project("{FAE04EC0-301F-11D3-BF4B-00C04F79EFBC}") = "BlogsMain", "..\BlogsMain\BlogsMain.csproj", "{3A69BE3B-64D9-4E24-A305-59818857BE95}"
EndProject
Global
	GlobalSection(SolutionConfigurationPlatforms) = preSolution
		Debug|Any CPU = Debug|Any CPU
		Release|Any CPU = Release|Any CPU
	EndGlobalSection
	GlobalSection(ProjectConfigurationPlatforms) = postSolution
		{7EB206A4-5082-43FC-A070-BA99DEE6D1C2}.Debug|Any CPU.ActiveCfg = Debug|Any CPU
		{7EB206A4-5082-43FC-A070-BA99DEE6D1C2}.Debug|Any CPU.Build.0 = Debug|Any CPU
		{7EB206A4-5082-43FC-A070-BA99DEE6D1C2}.Release|Any CPU.ActiveCfg = Release|Any CPU
		{7EB206A4-5082-43FC-A070-BA99DEE6D1C2}.Release|Any CPU.Build.0 = Release|Any CPU
		{837E557C-DF32-4E3C-877C-FD3E71F10690}.Debug|Any CPU.ActiveCfg = Debug|Any CPU
		{837E557C-DF32-4E3C-877C-FD3E71F10690}.Debug|Any CPU.Build.0 = Debug|Any CPU
		{837E557C-DF32-4E3C-877C-FD3E71F10690}.Release|Any CPU.ActiveCfg = Release|Any CPU
		{837E557C-DF32-4E3C-877C-FD3E71F10690}.Release|Any CPU.Build.0 = Release|Any CPU
		{3A69BE3B-64D9-4E24-A305-59818857BE95}.Debug|Any CPU.ActiveCfg = Debug|Any CPU
		{3A69BE3B-64D9-4E24-A305-59818857BE95}.Debug|Any CPU.Build.0 = Debug|Any CPU
		{3A69BE3B-64D9-4E24-A305-59818857BE95}.Release|Any CPU.ActiveCfg = Release|Any CPU
		{3A69BE3B-64D9-4E24-A305-59818857BE95}.Release|Any CPU.Build.0 = Release|Any CPU
	EndGlobalSection
	GlobalSection(SolutionProperties) = preSolution
		HideSolutionNode = FALSE
	EndGlobalSection
EndGlobal
